
Microsoft Visual Studio Solution File, Format Version 12.00
# Visual Studio Version 17
VisualStudioVersion = 17.10.35122.118
MinimumVisualStudioVersion = 10.0.40219.1
Project("{FAE04EC0-301F-11D3-BF4B-00C04F79EFBC}") = "ProyectoBD", "ProyectoBD\ProyectoBD.csproj", "{C31BFFF8-728E-460B-BFFB-568A866671D1}"
EndProject
Global
	GlobalSection(SolutionConfigurationPlatforms) = preSolution
		Debug|Any CPU = Debug|Any CPU
		Release|Any CPU = Release|Any CPU
	EndGlobalSection
	GlobalSection(ProjectConfigurationPlatforms) = postSolution
		{C31BFFF8-728E-460B-BFFB-568A866671D1}.Debug|Any CPU.ActiveCfg = Debug|Any CPU
		{C31BFFF8-728E-460B-BFFB-568A866671D1}.Debug|Any CPU.Build.0 = Debug|Any CPU
		{C31BFFF8-728E-460B-BFFB-568A866671D1}.Release|Any CPU.ActiveCfg = Release|Any CPU
		{C31BFFF8-728E-460B-BFFB-568A866671D1}.Release|Any CPU.Build.0 = Release|Any CPU
	EndGlobalSection
	GlobalSection(SolutionProperties) = preSolution
		HideSolutionNode = FALSE
	EndGlobalSection
	GlobalSection(ExtensibilityGlobals) = postSolution
		SolutionGuid = {5A0332F0-8CCD-4669-80DF-9E8BE1A4BE08}
	EndGlobalSection
EndGlobal
